
Microsoft Visual Studio Solution File, Format Version 12.00
# Visual Studio Version 17
VisualStudioVersion = 17.4.33110.190
MinimumVisualStudioVersion = 10.0.40219.1
Project("{FAE04EC0-301F-11D3-BF4B-00C04F79EFBC}") = "DataFormat.Domain", "DataFormat.Domain\DataFormat.Domain.csproj", "{D1838D58-4CEC-43AA-AE53-E77535C0AEFE}"
EndProject
Project("{FAE04EC0-301F-11D3-BF4B-00C04F79EFBC}") = "DataFormat.Domain.Test", "DataFormat.Domain.Test\DataFormat.Domain.Test.csproj", "{6C2D647C-68C8-4B54-ABE1-EE4AAD197497}"
EndProject
Global
	GlobalSection(SolutionConfigurationPlatforms) = preSolution
		Debug|Any CPU = Debug|Any CPU
		Release|Any CPU = Release|Any CPU
	EndGlobalSection
	GlobalSection(ProjectConfigurationPlatforms) = postSolution
		{D1838D58-4CEC-43AA-AE53-E77535C0AEFE}.Debug|Any CPU.ActiveCfg = Debug|Any CPU
		{D1838D58-4CEC-43AA-AE53-E77535C0AEFE}.Debug|Any CPU.Build.0 = Debug|Any CPU
		{D1838D58-4CEC-43AA-AE53-E77535C0AEFE}.Release|Any CPU.ActiveCfg = Release|Any CPU
		{D1838D58-4CEC-43AA-AE53-E77535C0AEFE}.Release|Any CPU.Build.0 = Release|Any CPU
		{6C2D647C-68C8-4B54-ABE1-EE4AAD197497}.Debug|Any CPU.ActiveCfg = Debug|Any CPU
		{6C2D647C-68C8-4B54-ABE1-EE4AAD197497}.Debug|Any CPU.Build.0 = Debug|Any CPU
		{6C2D647C-68C8-4B54-ABE1-EE4AAD197497}.Release|Any CPU.ActiveCfg = Release|Any CPU
		{6C2D647C-68C8-4B54-ABE1-EE4AAD197497}.Release|Any CPU.Build.0 = Release|Any CPU
	EndGlobalSection
	GlobalSection(SolutionProperties) = preSolution
		HideSolutionNode = FALSE
	EndGlobalSection
	GlobalSection(ExtensibilityGlobals) = postSolution
		SolutionGuid = {52527A71-C722-4B1D-A37A-B4938E88023E}
	EndGlobalSection
EndGlobal
